
Microsoft Visual Studio Solution File, Format Version 11.00
# Visual Studio 2010 Express for Windows Phone
Project("{FAE04EC0-301F-11D3-BF4B-00C04F79EFBC}") = "MinigameRave", "MinigameRave\MinigameRave\MinigameRave.csproj", "{352223D0-7B88-4F50-861F-2E2E7DC34874}"
EndProject
Project("{96E2B04D-8817-42C6-938A-82C39BA4D311}") = "MinigameRaveContent", "MinigameRave\MinigameRaveContent\MinigameRaveContent.contentproj", "{1141B10F-DEF7-4055-B5D0-AA4D63A66473}"
EndProject
Global
	GlobalSection(SolutionConfigurationPlatforms) = preSolution
		Debug|Windows Phone = Debug|Windows Phone
		Release|Windows Phone = Release|Windows Phone
	EndGlobalSection
	GlobalSection(ProjectConfigurationPlatforms) = postSolution
		{352223D0-7B88-4F50-861F-2E2E7DC34874}.Debug|Windows Phone.ActiveCfg = Debug|Windows Phone
		{352223D0-7B88-4F50-861F-2E2E7DC34874}.Debug|Windows Phone.Build.0 = Debug|Windows Phone
		{352223D0-7B88-4F50-861F-2E2E7DC34874}.Debug|Windows Phone.Deploy.0 = Debug|Windows Phone
		{352223D0-7B88-4F50-861F-2E2E7DC34874}.Release|Windows Phone.ActiveCfg = Release|Windows Phone
		{352223D0-7B88-4F50-861F-2E2E7DC34874}.Release|Windows Phone.Build.0 = Release|Windows Phone
		{352223D0-7B88-4F50-861F-2E2E7DC34874}.Release|Windows Phone.Deploy.0 = Release|Windows Phone
		{1141B10F-DEF7-4055-B5D0-AA4D63A66473}.Debug|Windows Phone.ActiveCfg = Debug|Windows Phone
		{1141B10F-DEF7-4055-B5D0-AA4D63A66473}.Release|Windows Phone.ActiveCfg = Release|Windows Phone
	EndGlobalSection
	GlobalSection(SolutionProperties) = preSolution
		HideSolutionNode = FALSE
	EndGlobalSection
EndGlobal
